
Microsoft Visual Studio Solution File, Format Version 12.00
# Visual Studio Version 17
VisualStudioVersion = 17.7.34031.279
MinimumVisualStudioVersion = 10.0.40219.1
Project("{9A19103F-16F7-4668-BE54-9A1E7A4F7556}") = "Domain", "src\Domain\Domain.csproj", "{51424BC4-1139-49E7-8CCC-50CC0D8FC758}"
EndProject
Project("{2150E333-8FDC-42A3-9474-1A3956D46DE8}") = "src", "src", "{6C20FEF2-A1FE-470D-80EE-03FE82F12F72}"
EndProject
Project("{9A19103F-16F7-4668-BE54-9A1E7A4F7556}") = "Application", "src\Application\Application.csproj", "{C5E07C62-04FF-46DE-A0D1-A4BF8D829F44}"
EndProject
Project("{9A19103F-16F7-4668-BE54-9A1E7A4F7556}") = "Infrastructure", "src\Infrastructure\Infrastructure.csproj", "{4AD8FFF7-BD1C-4D39-8EAC-47A6743A3F67}"
EndProject
Project("{9A19103F-16F7-4668-BE54-9A1E7A4F7556}") = "DbMigrations", "src\DbMigrations\DbMigrations.csproj", "{51027BC8-659B-44C4-A947-FA936F86BF81}"
EndProject
Project("{9A19103F-16F7-4668-BE54-9A1E7A4F7556}") = "WebApi", "src\WebApi\WebApi.csproj", "{319DBBD5-6036-44B4-9282-7BB45F7D188A}"
EndProject
Project("{2150E333-8FDC-42A3-9474-1A3956D46DE8}") = "tests", "tests", "{940F37B0-FEDC-492A-8457-DF0D0BFD48E5}"
EndProject
Project("{2150E333-8FDC-42A3-9474-1A3956D46DE8}") = "ui", "ui", "{4493FAB2-DA86-4E5A-BCCA-103290C69978}"
EndProject
Project("{FAE04EC0-301F-11D3-BF4B-00C04F79EFBC}") = "Domain.UnitTests", "tests\Domain.UnitTests\Domain.UnitTests.csproj", "{94889074-FED0-4997-BFC0-56330AEA7FC5}"
EndProject
Project("{FAE04EC0-301F-11D3-BF4B-00C04F79EFBC}") = "Application.UnitTests", "tests\Application.UnitTests\Application.UnitTests.csproj", "{F2B6ACB1-D396-403B-90CC-2FB660A021BA}"
EndProject
Project("{FAE04EC0-301F-11D3-BF4B-00C04F79EFBC}") = "Infrastructure.UnitTests", "tests\Infrastructure.UnitTests\Infrastructure.UnitTests.csproj", "{4C9CB161-5559-4A95-8BAB-9DB2A9963B88}"
EndProject
Project("{FAE04EC0-301F-11D3-BF4B-00C04F79EFBC}") = "WebUI", "ui\WebUI\WebUI.csproj", "{6A6D05A6-85B9-4948-9BB2-6D86AA370468}"
EndProject
Global
	GlobalSection(SolutionConfigurationPlatforms) = preSolution
		Debug|Any CPU = Debug|Any CPU
		Release|Any CPU = Release|Any CPU
	EndGlobalSection
	GlobalSection(ProjectConfigurationPlatforms) = postSolution
		{51424BC4-1139-49E7-8CCC-50CC0D8FC758}.Debug|Any CPU.ActiveCfg = Debug|Any CPU
		{51424BC4-1139-49E7-8CCC-50CC0D8FC758}.Debug|Any CPU.Build.0 = Debug|Any CPU
		{51424BC4-1139-49E7-8CCC-50CC0D8FC758}.Release|Any CPU.ActiveCfg = Release|Any CPU
		{51424BC4-1139-49E7-8CCC-50CC0D8FC758}.Release|Any CPU.Build.0 = Release|Any CPU
		{C5E07C62-04FF-46DE-A0D1-A4BF8D829F44}.Debug|Any CPU.ActiveCfg = Debug|Any CPU
		{C5E07C62-04FF-46DE-A0D1-A4BF8D829F44}.Debug|Any CPU.Build.0 = Debug|Any CPU
		{C5E07C62-04FF-46DE-A0D1-A4BF8D829F44}.Release|Any CPU.ActiveCfg = Release|Any CPU
		{C5E07C62-04FF-46DE-A0D1-A4BF8D829F44}.Release|Any CPU.Build.0 = Release|Any CPU
		{4AD8FFF7-BD1C-4D39-8EAC-47A6743A3F67}.Debug|Any CPU.ActiveCfg = Debug|Any CPU
		{4AD8FFF7-BD1C-4D39-8EAC-47A6743A3F67}.Debug|Any CPU.Build.0 = Debug|Any CPU
		{4AD8FFF7-BD1C-4D39-8EAC-47A6743A3F67}.Release|Any CPU.ActiveCfg = Release|Any CPU
		{4AD8FFF7-BD1C-4D39-8EAC-47A6743A3F67}.Release|Any CPU.Build.0 = Release|Any CPU
		{51027BC8-659B-44C4-A947-FA936F86BF81}.Debug|Any CPU.ActiveCfg = Debug|Any CPU
		{51027BC8-659B-44C4-A947-FA936F86BF81}.Debug|Any CPU.Build.0 = Debug|Any CPU
		{51027BC8-659B-44C4-A947-FA936F86BF81}.Release|Any CPU.ActiveCfg = Release|Any CPU
		{51027BC8-659B-44C4-A947-FA936F86BF81}.Release|Any CPU.Build.0 = Release|Any CPU
		{319DBBD5-6036-44B4-9282-7BB45F7D188A}.Debug|Any CPU.ActiveCfg = Debug|Any CPU
		{319DBBD5-6036-44B4-9282-7BB45F7D188A}.Debug|Any CPU.Build.0 = Debug|Any CPU
		{319DBBD5-6036-44B4-9282-7BB45F7D188A}.Release|Any CPU.ActiveCfg = Release|Any CPU
		{319DBBD5-6036-44B4-9282-7BB45F7D188A}.Release|Any CPU.Build.0 = Release|Any CPU
		{94889074-FED0-4997-BFC0-56330AEA7FC5}.Debug|Any CPU.ActiveCfg = Debug|Any CPU
		{94889074-FED0-4997-BFC0-56330AEA7FC5}.Debug|Any CPU.Build.0 = Debug|Any CPU
		{94889074-FED0-4997-BFC0-56330AEA7FC5}.Release|Any CPU.ActiveCfg = Release|Any CPU
		{94889074-FED0-4997-BFC0-56330AEA7FC5}.Release|Any CPU.Build.0 = Release|Any CPU
		{F2B6ACB1-D396-403B-90CC-2FB660A021BA}.Debug|Any CPU.ActiveCfg = Debug|Any CPU
		{F2B6ACB1-D396-403B-90CC-2FB660A021BA}.Debug|Any CPU.Build.0 = Debug|Any CPU
		{F2B6ACB1-D396-403B-90CC-2FB660A021BA}.Release|Any CPU.ActiveCfg = Release|Any CPU
		{F2B6ACB1-D396-403B-90CC-2FB660A021BA}.Release|Any CPU.Build.0 = Release|Any CPU
		{4C9CB161-5559-4A95-8BAB-9DB2A9963B88}.Debug|Any CPU.ActiveCfg = Debug|Any CPU
		{4C9CB161-5559-4A95-8BAB-9DB2A9963B88}.Debug|Any CPU.Build.0 = Debug|Any CPU
		{4C9CB161-5559-4A95-8BAB-9DB2A9963B88}.Release|Any CPU.ActiveCfg = Release|Any CPU
		{4C9CB161-5559-4A95-8BAB-9DB2A9963B88}.Release|Any CPU.Build.0 = Release|Any CPU
		{6A6D05A6-85B9-4948-9BB2-6D86AA370468}.Debug|Any CPU.ActiveCfg = Debug|Any CPU
		{6A6D05A6-85B9-4948-9BB2-6D86AA370468}.Debug|Any CPU.Build.0 = Debug|Any CPU
		{6A6D05A6-85B9-4948-9BB2-6D86AA370468}.Release|Any CPU.ActiveCfg = Release|Any CPU
		{6A6D05A6-85B9-4948-9BB2-6D86AA370468}.Release|Any CPU.Build.0 = Release|Any CPU
	EndGlobalSection
	GlobalSection(SolutionProperties) = preSolution
		HideSolutionNode = FALSE
	EndGlobalSection
	GlobalSection(NestedProjects) = preSolution
		{51424BC4-1139-49E7-8CCC-50CC0D8FC758} = {6C20FEF2-A1FE-470D-80EE-03FE82F12F72}
		{C5E07C62-04FF-46DE-A0D1-A4BF8D829F44} = {6C20FEF2-A1FE-470D-80EE-03FE82F12F72}
		{4AD8FFF7-BD1C-4D39-8EAC-47A6743A3F67} = {6C20FEF2-A1FE-470D-80EE-03FE82F12F72}
		{51027BC8-659B-44C4-A947-FA936F86BF81} = {6C20FEF2-A1FE-470D-80EE-03FE82F12F72}
		{319DBBD5-6036-44B4-9282-7BB45F7D188A} = {6C20FEF2-A1FE-470D-80EE-03FE82F12F72}
		{94889074-FED0-4997-BFC0-56330AEA7FC5} = {940F37B0-FEDC-492A-8457-DF0D0BFD48E5}
		{F2B6ACB1-D396-403B-90CC-2FB660A021BA} = {940F37B0-FEDC-492A-8457-DF0D0BFD48E5}
		{4C9CB161-5559-4A95-8BAB-9DB2A9963B88} = {940F37B0-FEDC-492A-8457-DF0D0BFD48E5}
		{6A6D05A6-85B9-4948-9BB2-6D86AA370468} = {4493FAB2-DA86-4E5A-BCCA-103290C69978}
	EndGlobalSection
	GlobalSection(ExtensibilityGlobals) = postSolution
		SolutionGuid = {855D0AF5-BC50-45ED-8F07-189E30343284}
	EndGlobalSection
EndGlobal
